
Microsoft Visual Studio Solution File, Format Version 12.00
# Visual Studio Version 17
VisualStudioVersion = 17.7.34221.43
MinimumVisualStudioVersion = 10.0.40219.1
Project("{FAE04EC0-301F-11D3-BF4B-00C04F79EFBC}") = "Desktop Capture", "Desktop Capture\Desktop Capture.csproj", "{213FD29A-944E-4FE2-8DE7-7C236A0F307D}"
EndProject
Global
	GlobalSection(SolutionConfigurationPlatforms) = preSolution
		Debug|Any CPU = Debug|Any CPU
		Release|Any CPU = Release|Any CPU
	EndGlobalSection
	GlobalSection(ProjectConfigurationPlatforms) = postSolution
		{213FD29A-944E-4FE2-8DE7-7C236A0F307D}.Debug|Any CPU.ActiveCfg = Debug|Any CPU
		{213FD29A-944E-4FE2-8DE7-7C236A0F307D}.Debug|Any CPU.Build.0 = Debug|Any CPU
		{213FD29A-944E-4FE2-8DE7-7C236A0F307D}.Release|Any CPU.ActiveCfg = Release|Any CPU
		{213FD29A-944E-4FE2-8DE7-7C236A0F307D}.Release|Any CPU.Build.0 = Release|Any CPU
	EndGlobalSection
	GlobalSection(SolutionProperties) = preSolution
		HideSolutionNode = FALSE
	EndGlobalSection
	GlobalSection(ExtensibilityGlobals) = postSolution
		SolutionGuid = {408FE700-26F5-4A40-945B-9A2B598C118F}
	EndGlobalSection
EndGlobal
